
Microsoft Visual Studio Solution File, Format Version 12.00
# Visual Studio Version 16
VisualStudioVersion = 16.0.29911.84
MinimumVisualStudioVersion = 10.0.40219.1
Project("{FAE04EC0-301F-11D3-BF4B-00C04F79EFBC}") = "TestingIdentityAPI", "TestingIdentityAPI\TestingIdentityAPI.csproj", "{BE64A068-FB63-4C73-A3D2-0736CBCCF47C}"
EndProject
Project("{FAE04EC0-301F-11D3-BF4B-00C04F79EFBC}") = "Data", "Data\Data.csproj", "{6F395405-52A2-4096-9674-8EFF1F74E94F}"
EndProject
Global
	GlobalSection(SolutionConfigurationPlatforms) = preSolution
		Debug|Any CPU = Debug|Any CPU
		Release|Any CPU = Release|Any CPU
	EndGlobalSection
	GlobalSection(ProjectConfigurationPlatforms) = postSolution
		{BE64A068-FB63-4C73-A3D2-0736CBCCF47C}.Debug|Any CPU.ActiveCfg = Debug|Any CPU
		{BE64A068-FB63-4C73-A3D2-0736CBCCF47C}.Debug|Any CPU.Build.0 = Debug|Any CPU
		{BE64A068-FB63-4C73-A3D2-0736CBCCF47C}.Release|Any CPU.ActiveCfg = Release|Any CPU
		{BE64A068-FB63-4C73-A3D2-0736CBCCF47C}.Release|Any CPU.Build.0 = Release|Any CPU
		{6F395405-52A2-4096-9674-8EFF1F74E94F}.Debug|Any CPU.ActiveCfg = Debug|Any CPU
		{6F395405-52A2-4096-9674-8EFF1F74E94F}.Debug|Any CPU.Build.0 = Debug|Any CPU
		{6F395405-52A2-4096-9674-8EFF1F74E94F}.Release|Any CPU.ActiveCfg = Release|Any CPU
		{6F395405-52A2-4096-9674-8EFF1F74E94F}.Release|Any CPU.Build.0 = Release|Any CPU
	EndGlobalSection
	GlobalSection(SolutionProperties) = preSolution
		HideSolutionNode = FALSE
	EndGlobalSection
	GlobalSection(ExtensibilityGlobals) = postSolution
		SolutionGuid = {D196CBD4-7A2E-4345-A461-0855E4028556}
	EndGlobalSection
EndGlobal
